
Microsoft Visual Studio Solution File, Format Version 12.00
Project("{FAE04EC0-301F-11D3-BF4B-00C04F79EFBC}") = "ExpenseTracker", "ExpenseTracker\ExpenseTracker.csproj", "{1C8161D8-6327-40AB-8105-BC23D1703A0B}"
EndProject
Global
	GlobalSection(SolutionConfigurationPlatforms) = preSolution
		Debug|Any CPU = Debug|Any CPU
		Release|Any CPU = Release|Any CPU
	EndGlobalSection
	GlobalSection(ProjectConfigurationPlatforms) = postSolution
		{1C8161D8-6327-40AB-8105-BC23D1703A0B}.Debug|Any CPU.ActiveCfg = Debug|Any CPU
		{1C8161D8-6327-40AB-8105-BC23D1703A0B}.Debug|Any CPU.Build.0 = Debug|Any CPU
		{1C8161D8-6327-40AB-8105-BC23D1703A0B}.Release|Any CPU.ActiveCfg = Release|Any CPU
		{1C8161D8-6327-40AB-8105-BC23D1703A0B}.Release|Any CPU.Build.0 = Release|Any CPU
	EndGlobalSection
EndGlobal
